// !$*UTF8*$!
{
	archiveVersion = 1;
	classes = {
	};
	objectVersion = 46;
	objects = {

/* Begin PBXBuildFile section */
		124B7BCA19C5B0AD00439D11 /* main.m in Sources */ = {isa = PBXBuildFile; fileRef = 124B7BC919C5B0AD00439D11 /* main.m */; };
		124B7BCD19C5B0AD00439D11 /* AppDelegate.m in Sources */ = {isa = PBXBuildFile; fileRef = 124B7BCC19C5B0AD00439D11 /* AppDelegate.m */; };
		124B7BD019C5B0AD00439D11 /* ViewController.m in Sources */ = {isa = PBXBuildFile; fileRef = 124B7BCF19C5B0AD00439D11 /* ViewController.m */; };
		124B7BD319C5B0AD00439D11 /* Main.storyboard in Resources */ = {isa = PBXBuildFile; fileRef = 124B7BD119C5B0AD00439D11 /* Main.storyboard */; };
		124B7BD519C5B0AD00439D11 /* Images.xcassets in Resources */ = {isa = PBXBuildFile; fileRef = 124B7BD419C5B0AD00439D11 /* Images.xcassets */; };
		124B7BD819C5B0AD00439D11 /* LaunchScreen.xib in Resources */ = {isa = PBXBuildFile; fileRef = 124B7BD619C5B0AD00439D11 /* LaunchScreen.xib */; };
		124B7BE419C5B0AD00439D11 /* CalendarTestsTests.m in Sources */ = {isa = PBXBuildFile; fileRef = 124B7BE319C5B0AD00439D11 /* CalendarTestsTests.m */; };
/* End PBXBuildFile section */

/* Begin PBXContainerItemProxy section */
		124B7BDE19C5B0AD00439D11 /* PBXContainerItemProxy */ = {
			isa = PBXContainerItemProxy;
			containerPortal = 124B7BBC19C5B0AD00439D11 /* Project object */;
			proxyType = 1;
			remoteGlobalIDString = 124B7BC319C5B0AD00439D11;
			remoteInfo = CalendarTests;
		};
/* End PBXContainerItemProxy section */

/* Begin PBXFileReference section */
		124B7BC419C5B0AD00439D11 /* CalendarTests.app */ = {isa = PBXFileReference; explicitFileType = wrapper.application; includeInIndex = 0; path = CalendarTests.app; sourceTree = BUILT_PRODUCTS_DIR; };
		124B7BC819C5B0AD00439D11 /* Info.plist */ = {isa = PBXFileReference; lastKnownFileType = text.plist.xml; path = Info.plist; sourceTree = "<group>"; };
		124B7BC919C5B0AD00439D11 /* main.m */ = {isa = PBXFileReference; lastKnownFileType = sourcecode.c.objc; path = main.m; sourceTree = "<group>"; };
		124B7BCB19C5B0AD00439D11 /* AppDelegate.h */ = {isa = PBXFileReference; lastKnownFileType = sourcecode.c.h; path = AppDelegate.h; sourceTree = "<group>"; };
		124B7BCC19C5B0AD00439D11 /* AppDelegate.m */ = {isa = PBXFileReference; lastKnownFileType = sourcecode.c.objc; path = AppDelegate.m; sourceTree = "<group>"; };
		124B7BCE19C5B0AD00439D11 /* ViewController.h */ = {isa = PBXFileReference; lastKnownFileType = sourcecode.c.h; path = ViewController.h; sourceTree = "<group>"; };
		124B7BCF19C5B0AD00439D11 /* ViewController.m */ = {isa = PBXFileReference; lastKnownFileType = sourcecode.c.objc; path = ViewController.m; sourceTree = "<group>"; };
		124B7BD219C5B0AD00439D11 /* Base */ = {isa = PBXFileReference; lastKnownFileType = file.storyboard; name = Base; path = Base.lproj/Main.storyboard; sourceTree = "<group>"; };
		124B7BD419C5B0AD00439D11 /* Images.xcassets */ = {isa = PBXFileReference; lastKnownFileType = folder.assetcatalog; path = Images.xcassets; sourceTree = "<group>"; };
		124B7BD719C5B0AD00439D11 /* Base */ = {isa = PBXFileReference; lastKnownFileType = file.xib; name = Base; path = Base.lproj/LaunchScreen.xib; sourceTree = "<group>"; };
		124B7BDD19C5B0AD00439D11 /* CalendarTestsTests.xctest */ = {isa = PBXFileReference; explicitFileType = wrapper.cfbundle; includeInIndex = 0; path = CalendarTestsTests.xctest; sourceTree = BUILT_PRODUCTS_DIR; };
		124B7BE219C5B0AD00439D11 /* Info.plist */ = {isa = PBXFileReference; lastKnownFileType = text.plist.xml; path = Info.plist; sourceTree = "<group>"; };
		124B7BE319C5B0AD00439D11 /* CalendarTestsTests.m */ = {isa = PBXFileReference; lastKnownFileType = sourcecode.c.objc; path = CalendarTestsTests.m; sourceTree = "<group>"; };
/* End PBXFileReference section */

/* Begin PBXFrameworksBuildPhase section */
		124B7BC119C5B0AD00439D11 /* Frameworks */ = {
			isa = PBXFrameworksBuildPhase;
			buildActionMask = 2147483647;
			files = (
			);
			runOnlyForDeploymentPostprocessing = 0;
		};
		124B7BDA19C5B0AD00439D11 /* Frameworks */ = {
			isa = PBXFrameworksBuildPhase;
			buildActionMask = 2147483647;
			files = (
			);
			runOnlyForDeploymentPostprocessing = 0;
		};
/* End PBXFrameworksBuildPhase section */

/* Begin PBXGroup section */
		124B7BBB19C5B0AD00439D11 = {
			isa = PBXGroup;
			children = (
				124B7BC619C5B0AD00439D11 /* CalendarTests */,
				124B7BE019C5B0AD00439D11 /* CalendarTestsTests */,
				124B7BC519C5B0AD00439D11 /* Products */,
			);
			sourceTree = "<group>";
		};
		124B7BC519C5B0AD00439D11 /* Products */ = {
			isa = PBXGroup;
			children = (
				124B7BC419C5B0AD00439D11 /* CalendarTests.app */,
				124B7BDD19C5B0AD00439D11 /* CalendarTestsTests.xctest */,
			);
			name = Products;
			sourceTree = "<group>";
		};
		124B7BC619C5B0AD00439D11 /* CalendarTests */ = {
			isa = PBXGroup;
			children = (
				124B7BCB19C5B0AD00439D11 /* AppDelegate.h */,
				124B7BCC19C5B0AD00439D11 /* AppDelegate.m */,
				124B7BCE19C5B0AD00439D11 /* ViewController.h */,
				124B7BCF19C5B0AD00439D11 /* ViewController.m */,
				124B7BD119C5B0AD00439D11 /* Main.storyboard */,
				124B7BD419C5B0AD00439D11 /* Images.xcassets */,
				124B7BD619C5B0AD00439D11 /* LaunchScreen.xib */,
				124B7BC719C5B0AD00439D11 /* Supporting Files */,
			);
			path = CalendarTests;
			sourceTree = "<group>";
		};
		124B7BC719C5B0AD00439D11 /* Supporting Files */ = {
			isa = PBXGroup;
			children = (
				124B7BC819C5B0AD00439D11 /* Info.plist */,
				124B7BC919C5B0AD00439D11 /* main.m */,
			);
			name = "Supporting Files";
			sourceTree = "<group>";
		};
		124B7BE019C5B0AD00439D11 /* CalendarTestsTests */ = {
			isa = PBXGroup;
			children = (
				124B7BE319C5B0AD00439D11 /* CalendarTestsTests.m */,
				124B7BE119C5B0AD00439D11 /* Supporting Files */,
			);
			path = CalendarTestsTests;
			sourceTree = "<group>";
		};
		124B7BE119C5B0AD00439D11 /* Supporting Files */ = {
			isa = PBXGroup;
			children = (
				124B7BE219C5B0AD00439D11 /* Info.plist */,
			);
			name = "Supporting Files";
			sourceTree = "<group>";
		};
/* End PBXGroup section */

/* Begin PBXNativeTarget section */
		124B7BC319C5B0AD00439D11 /* CalendarTests */ = {
			isa = PBXNativeTarget;
			buildConfigurationList = 124B7BE719C5B0AD00439D11 /* Build configuration list for PBXNativeTarget "CalendarTests" */;
			buildPhases = (
				124B7BC019C5B0AD00439D11 /* Sources */,
				124B7BC119C5B0AD00439D11 /* Frameworks */,
				124B7BC219C5B0AD00439D11 /* Resources */,
			);
			buildRules = (
			);
			dependencies = (
			);
			name = CalendarTests;
			productName = CalendarTests;
			productReference = 124B7BC419C5B0AD00439D11 /* CalendarTests.app */;
			productType = "com.apple.product-type.application";
		};
		124B7BDC19C5B0AD00439D11 /* CalendarTestsTests */ = {
			isa = PBXNativeTarget;
			buildConfigurationList = 124B7BEA19C5B0AD00439D11 /* Build configuration list for PBXNativeTarget "CalendarTestsTests" */;
			buildPhases = (
				124B7BD919C5B0AD00439D11 /* Sources */,
				124B7BDA19C5B0AD00439D11 /* Frameworks */,
				124B7BDB19C5B0AD00439D11 /* Resources */,
			);
			buildRules = (
			);
			dependencies = (
				124B7BDF19C5B0AD00439D11 /* PBXTargetDependency */,
			);
			name = CalendarTestsTests;
			productName = CalendarTestsTests;
			productReference = 124B7BDD19C5B0AD00439D11 /* CalendarTestsTests.xctest */;
			productType = "com.apple.product-type.bundle.unit-test";
		};
/* End PBXNativeTarget section */

/* Begin PBXProject section */
		124B7BBC19C5B0AD00439D11 /* Project object */ = {
			isa = PBXProject;
			attributes = {
				LastUpgradeCheck = 0600;
				ORGANIZATIONNAME = "Department for Education and Child Development";
				TargetAttributes = {
					124B7BC319C5B0AD00439D11 = {
						CreatedOnToolsVersion = 6.0;
					};
					124B7BDC19C5B0AD00439D11 = {
						CreatedOnToolsVersion = 6.0;
						TestTargetID = 124B7BC319C5B0AD00439D11;
					};
				};
			};
			buildConfigurationList = 124B7BBF19C5B0AD00439D11 /* Build configuration list for PBXProject "CalendarTests" */;
			compatibilityVersion = "Xcode 3.2";
			developmentRegion = English;
			hasScannedForEncodings = 0;
			knownRegions = (
				en,
				Base,
			);
			mainGroup = 124B7BBB19C5B0AD00439D11;
			productRefGroup = 124B7BC519C5B0AD00439D11 /* Products */;
			projectDirPath = "";
			projectRoot = "";
			targets = (
				124B7BC319C5B0AD00439D11 /* CalendarTests */,
				124B7BDC19C5B0AD00439D11 /* CalendarTestsTests */,
			);
		};
/* End PBXProject section */

/* Begin PBXResourcesBuildPhase section */
		124B7BC219C5B0AD00439D11 /* Resources */ = {
			isa = PBXResourcesBuildPhase;
			buildActionMask = 2147483647;
			files = (
				124B7BD319C5B0AD00439D11 /* Main.storyboard in Resources */,
				124B7BD819C5B0AD00439D11 /* LaunchScreen.xib in Resources */,
				124B7BD519C5B0AD00439D11 /* Images.xcassets in Resources */,
			);
			runOnlyForDeploymentPostprocessing = 0;
		};
		124B7BDB19C5B0AD00439D11 /* Resources */ = {
			isa = PBXResourcesBuildPhase;
			buildActionMask = 2147483647;
			files = (
			);
			runOnlyForDeploymentPostprocessing = 0;
		};
/* End PBXResourcesBuildPhase section */

/* Begin PBXSourcesBuildPhase section */
		124B7BC019C5B0AD00439D11 /* Sources */ = {
			isa = PBXSourcesBuildPhase;
			buildActionMask = 2147483647;
			files = (
				124B7BD019C5B0AD00439D11 /* ViewController.m in Sources */,
				124B7BCD19C5B0AD00439D11 /* AppDelegate.m in Sources */,
				124B7BCA19C5B0AD00439D11 /* main.m in Sources */,
			);
			runOnlyForDeploymentPostprocessing = 0;
		};
		124B7BD919C5B0AD00439D11 /* Sources */ = {
			isa = PBXSourcesBuildPhase;
			buildActionMask = 2147483647;
			files = (
				124B7BE419C5B0AD00439D11 /* CalendarTestsTests.m in Sources */,
			);
			runOnlyForDeploymentPostprocessing = 0;
		};
/* End PBXSourcesBuildPhase section */

/* Begin PBXTargetDependency section */
		124B7BDF19C5B0AD00439D11 /* PBXTargetDependency */ = {
			isa = PBXTargetDependency;
			target = 124B7BC319C5B0AD00439D11 /* CalendarTests */;
			targetProxy = 124B7BDE19C5B0AD00439D11 /* PBXContainerItemProxy */;
		};
/* End PBXTargetDependency section */

/* Begin PBXVariantGroup section */
		124B7BD119C5B0AD00439D11 /* Main.storyboard */ = {
			isa = PBXVariantGroup;
			children = (
				124B7BD219C5B0AD00439D11 /* Base */,
			);
			name = Main.storyboard;
			sourceTree = "<group>";
		};
		124B7BD619C5B0AD00439D11 /* LaunchScreen.xib */ = {
			isa = PBXVariantGroup;
			children = (
				124B7BD719C5B0AD00439D11 /* Base */,
			);
			name = LaunchScreen.xib;
			sourceTree = "<group>";
		};
/* End PBXVariantGroup section */

/* Begin XCBuildConfiguration section */
		124B7BE519C5B0AD00439D11 /* Debug */ = {
			isa = XCBuildConfiguration;
			buildSettings = {
				ALWAYS_SEARCH_USER_PATHS = NO;
				CLANG_CXX_LANGUAGE_STANDARD = "gnu++0x";
				CLANG_CXX_LIBRARY = "libc++";
				CLANG_ENABLE_MODULES = YES;
				CLANG_ENABLE_OBJC_ARC = YES;
				CLANG_WARN_BOOL_CONVERSION = YES;
				CLANG_WARN_CONSTANT_CONVERSION = YES;
				CLANG_WARN_DIRECT_OBJC_ISA_USAGE = YES_ERROR;
				CLANG_WARN_EMPTY_BODY = YES;
				CLANG_WARN_ENUM_CONVERSION = YES;
				CLANG_WARN_INT_CONVERSION = YES;
				CLANG_WARN_OBJC_ROOT_CLASS = YES_ERROR;
				CLANG_WARN_UNREACHABLE_CODE = YES;
				CLANG_WARN__DUPLICATE_METHOD_MATCH = YES;
				"CODE_SIGN_IDENTITY[sdk=iphoneos*]" = "iPhone Developer";
				COPY_PHASE_STRIP = NO;
				ENABLE_STRICT_OBJC_MSGSEND = YES;
				GCC_C_LANGUAGE_STANDARD = gnu99;
				GCC_DYNAMIC_NO_PIC = NO;
				GCC_OPTIMIZATION_LEVEL = 0;
				GCC_PREPROCESSOR_DEFINITIONS = (
					"DEBUG=1",
					"$(inherited)",
				);
				GCC_SYMBOLS_PRIVATE_EXTERN = NO;
				GCC_WARN_64_TO_32_BIT_CONVERSION = YES;
				GCC_WARN_ABOUT_RETURN_TYPE = YES_ERROR;
				GCC_WARN_UNDECLARED_SELECTOR = YES;
				GCC_WARN_UNINITIALIZED_AUTOS = YES_AGGRESSIVE;
				GCC_WARN_UNUSED_FUNCTION = YES;
				GCC_WARN_UNUSED_VARIABLE = YES;
				IPHONEOS_DEPLOYMENT_TARGET = 8.0;
				MTL_ENABLE_DEBUG_INFO = YES;
				ONLY_ACTIVE_ARCH = YES;
				SDKROOT = iphoneos;
			};
			name = Debug;
		};
		124B7BE619C5B0AD00439D11 /* Release */ = {
			isa = XCBuildConfiguration;
			buildSettings = {
				ALWAYS_SEARCH_USER_PATHS = NO;
				CLANG_CXX_LANGUAGE_STANDARD = "gnu++0x";
				CLANG_CXX_LIBRARY = "libc++";
				CLANG_ENABLE_MODULES = YES;
				CLANG_ENABLE_OBJC_ARC = YES;
				CLANG_WARN_BOOL_CONVERSION = YES;
				CLANG_WARN_CONSTANT_CONVERSION = YES;
				CLANG_WARN_DIRECT_OBJC_ISA_USAGE = YES_ERROR;
				CLANG_WARN_EMPTY_BODY = YES;
				CLANG_WARN_ENUM_CONVERSION = YES;
				CLANG_WARN_INT_CONVERSION = YES;
				CLANG_WARN_OBJC_ROOT_CLASS = YES_ERROR;
				CLANG_WARN_UNREACHABLE_CODE = YES;
				CLANG_WARN__DUPLICATE_METHOD_MATCH = YES;
				"CODE_SIGN_IDENTITY[sdk=iphoneos*]" = "iPhone Developer";
				COPY_PHASE_STRIP = YES;
				ENABLE_NS_ASSERTIONS = NO;
				ENABLE_STRICT_OBJC_MSGSEND = YES;
				GCC_C_LANGUAGE_STANDARD = gnu99;
				GCC_WARN_64_TO_32_BIT_CONVERSION = YES;
				GCC_WARN_ABOUT_RETURN_TYPE = YES_ERROR;
				GCC_WARN_UNDECLARED_SELECTOR = YES;
				GCC_WARN_UNINITIALIZED_AUTOS = YES_AGGRESSIVE;
				GCC_WARN_UNUSED_FUNCTION = YES;
				GCC_WARN_UNUSED_VARIABLE = YES;
				IPHONEOS_DEPLOYMENT_TARGET = 8.0;
				MTL_ENABLE_DEBUG_INFO = NO;
				SDKROOT = iphoneos;
				VALIDATE_PRODUCT = YES;
			};
			name = Release;
		};
		124B7BE819C5B0AD00439D11 /* Debug */ = {
			isa = XCBuildConfiguration;
			buildSettings = {
				ASSETCATALOG_COMPILER_APPICON_NAME = AppIcon;
				INFOPLIST_FILE = CalendarTests/Info.plist;
				LD_RUNPATH_SEARCH_PATHS = "$(inherited) @executable_path/Frameworks";
				PRODUCT_NAME = "$(TARGET_NAME)";
			};
			name = Debug;
		};
		124B7BE919C5B0AD00439D11 /* Release */ = {
			isa = XCBuildConfiguration;
			buildSettings = {
				ASSETCATALOG_COMPILER_APPICON_NAME = AppIcon;
				INFOPLIST_FILE = CalendarTests/Info.plist;
				LD_RUNPATH_SEARCH_PATHS = "$(inherited) @executable_path/Frameworks";
				PRODUCT_NAME = "$(TARGET_NAME)";
			};
			name = Release;
		};
		124B7BEB19C5B0AD00439D11 /* Debug */ = {
			isa = XCBuildConfiguration;
			buildSettings = {
				BUNDLE_LOADER = "$(TEST_HOST)";
				FRAMEWORK_SEARCH_PATHS = (
					"$(SDKROOT)/Developer/Library/Frameworks",
					"$(inherited)",
				);
				GCC_PREPROCESSOR_DEFINITIONS = (
					"DEBUG=1",
					"$(inherited)",
				);
				INFOPLIST_FILE = CalendarTestsTests/Info.plist;
				LD_RUNPATH_SEARCH_PATHS = "$(inherited) @executable_path/Frameworks @loader_path/Frameworks";
				PRODUCT_NAME = "$(TARGET_NAME)";
				TEST_HOST = "$(BUILT_PRODUCTS_DIR)/CalendarTests.app/CalendarTests";
			};
			name = Debug;
		};
		124B7BEC19C5B0AD00439D11 /* Release */ = {
			isa = XCBuildConfiguration;
			buildSettings = {
				BUNDLE_LOADER = "$(TEST_HOST)";
				FRAMEWORK_SEARCH_PATHS = (
					"$(SDKROOT)/Developer/Library/Frameworks",
					"$(inherited)",
				);
				INFOPLIST_FILE = CalendarTestsTests/Info.plist;
				LD_RUNPATH_SEARCH_PATHS = "$(inherited) @executable_path/Frameworks @loader_path/Frameworks";
				PRODUCT_NAME = "$(TARGET_NAME)";
				TEST_HOST = "$(BUILT_PRODUCTS_DIR)/CalendarTests.app/CalendarTests";
			};
			name = Release;
		};
/* End XCBuildConfiguration section */

/* Begin XCConfigurationList section */
		124B7BBF19C5B0AD00439D11 /* Build configuration list for PBXProject "CalendarTests" */ = {
			isa = XCConfigurationList;
			buildConfigurations = (
				124B7BE519C5B0AD00439D11 /* Debug */,
				124B7BE619C5B0AD00439D11 /* Release */,
			);
			defaultConfigurationIsVisible = 0;
			defaultConfigurationName = Release;
		};
		124B7BE719C5B0AD00439D11 /* Build configuration list for PBXNativeTarget "CalendarTests" */ = {
			isa = XCConfigurationList;
			buildConfigurations = (
				124B7BE819C5B0AD00439D11 /* Debug */,
				124B7BE919C5B0AD00439D11 /* Release */,
			);
			defaultConfigurationIsVisible = 0;
		};
		124B7BEA19C5B0AD00439D11 /* Build configuration list for PBXNativeTarget "CalendarTestsTests" */ = {
			isa = XCConfigurationList;
			buildConfigurations = (
				124B7BEB19C5B0AD00439D11 /* Debug */,
				124B7BEC19C5B0AD00439D11 /* Release */,
			);
			defaultConfigurationIsVisible = 0;
		};
/* End XCConfigurationList section */
	};
	rootObject = 124B7BBC19C5B0AD00439D11 /* Project object */;
}
